
Microsoft Visual Studio Solution File, Format Version 12.00
# Visual Studio Version 16
VisualStudioVersion = 16.0.30503.244
MinimumVisualStudioVersion = 10.0.40219.1
Project("{FAE04EC0-301F-11D3-BF4B-00C04F79EFBC}") = "hetedikv2", "hetedikv2\hetedikv2.csproj", "{977C307E-3709-4721-829B-16413DBCE33B}"
EndProject
Global
	GlobalSection(SolutionConfigurationPlatforms) = preSolution
		Debug|Any CPU = Debug|Any CPU
		Release|Any CPU = Release|Any CPU
	EndGlobalSection
	GlobalSection(ProjectConfigurationPlatforms) = postSolution
		{977C307E-3709-4721-829B-16413DBCE33B}.Debug|Any CPU.ActiveCfg = Debug|Any CPU
		{977C307E-3709-4721-829B-16413DBCE33B}.Debug|Any CPU.Build.0 = Debug|Any CPU
		{977C307E-3709-4721-829B-16413DBCE33B}.Release|Any CPU.ActiveCfg = Release|Any CPU
		{977C307E-3709-4721-829B-16413DBCE33B}.Release|Any CPU.Build.0 = Release|Any CPU
	EndGlobalSection
	GlobalSection(SolutionProperties) = preSolution
		HideSolutionNode = FALSE
	EndGlobalSection
	GlobalSection(ExtensibilityGlobals) = postSolution
		SolutionGuid = {7AE61AD9-E639-4BBD-A9B2-32AA7E50A7CD}
	EndGlobalSection
EndGlobal
